PODS:
  - FBSnapshotTestCase (2.1.4):
    - FBSnapshotTestCase/SwiftSupport (= 2.1.4)
  - FBSnapshotTestCase/Core (2.1.4)
  - FBSnapshotTestCase/SwiftSupport (2.1.4):
    - FBSnapshotTestCase/Core
  - Kiwi (3.0.0)
  - QQDeviceInfo (0.1.0)

DEPENDENCIES:
  - FBSnapshotTestCase
  - Kiwi
  - QQDeviceInfo (from `../`)

SPEC REPOS:
  https://github.com/cocoapods/specs.git:
    - FBSnapshotTestCase
    - Kiwi

EXTERNAL SOURCES:
  QQDeviceInfo:
    :path: "../"

SPEC CHECKSUMS:
  FBSnapshotTestCase: 094f9f314decbabe373b87cc339bea235a63e07a
  Kiwi: fbeafef0f00e4d8f7dcb3420a4930afe70af77f7
  QQDeviceInfo: 74913449537ada058596e48e09925c9b682563c8

PODFILE CHECKSUM: 52b8d387d173529d360a4800e587e26ce47d40a9

COCOAPODS: 1.5.3
